
Microsoft Visual Studio Solution File, Format Version 12.00
# Visual Studio Version 17
VisualStudioVersion = 17.4.33103.184
MinimumVisualStudioVersion = 10.0.40219.1
Project("{9A19103F-16F7-4668-BE54-9A1E7A4F7556}") = "wsb-restaurant-api", "wsb-restaurant-api\wsb-restaurant-api.csproj", "{6FC89ED7-6850-40BA-A082-287BDD0D76D0}"
EndProject
Project("{9A19103F-16F7-4668-BE54-9A1E7A4F7556}") = "wsb-restaurant-dal", "wsb-restaurant-dal\wsb-restaurant-dal.csproj", "{9A950B6E-AA01-4CC2-B7DC-C0C6709CF399}"
EndProject
Project("{9A19103F-16F7-4668-BE54-9A1E7A4F7556}") = "wsb-restaurant-application", "wsb-restaurant-application\wsb-restaurant-application.csproj", "{EF8F59DB-83F2-4030-A108-70A3F326F3B1}"
EndProject
Project("{9A19103F-16F7-4668-BE54-9A1E7A4F7556}") = "wsb-restaurant-infrastructure", "wsb-restaurant-infrastructure\wsb-restaurant-infrastructure.csproj", "{6F78A4B1-64B5-4631-A444-7EB05CE28816}"
EndProject
Project("{9A19103F-16F7-4668-BE54-9A1E7A4F7556}") = "wsb-restaurant-domain", "wsb-restaurant-domain\wsb-restaurant-domain.csproj", "{D7F48397-C438-4DFA-8287-29814F69D3C1}"
EndProject
Global
	GlobalSection(SolutionConfigurationPlatforms) = preSolution
		Debug|Any CPU = Debug|Any CPU
		Release|Any CPU = Release|Any CPU
	EndGlobalSection
	GlobalSection(ProjectConfigurationPlatforms) = postSolution
		{6FC89ED7-6850-40BA-A082-287BDD0D76D0}.Debug|Any CPU.ActiveCfg = Debug|Any CPU
		{6FC89ED7-6850-40BA-A082-287BDD0D76D0}.Debug|Any CPU.Build.0 = Debug|Any CPU
		{6FC89ED7-6850-40BA-A082-287BDD0D76D0}.Release|Any CPU.ActiveCfg = Release|Any CPU
		{6FC89ED7-6850-40BA-A082-287BDD0D76D0}.Release|Any CPU.Build.0 = Release|Any CPU
		{9A950B6E-AA01-4CC2-B7DC-C0C6709CF399}.Debug|Any CPU.ActiveCfg = Debug|Any CPU
		{9A950B6E-AA01-4CC2-B7DC-C0C6709CF399}.Debug|Any CPU.Build.0 = Debug|Any CPU
		{9A950B6E-AA01-4CC2-B7DC-C0C6709CF399}.Release|Any CPU.ActiveCfg = Release|Any CPU
		{9A950B6E-AA01-4CC2-B7DC-C0C6709CF399}.Release|Any CPU.Build.0 = Release|Any CPU
		{EF8F59DB-83F2-4030-A108-70A3F326F3B1}.Debug|Any CPU.ActiveCfg = Debug|Any CPU
		{EF8F59DB-83F2-4030-A108-70A3F326F3B1}.Debug|Any CPU.Build.0 = Debug|Any CPU
		{EF8F59DB-83F2-4030-A108-70A3F326F3B1}.Release|Any CPU.ActiveCfg = Release|Any CPU
		{EF8F59DB-83F2-4030-A108-70A3F326F3B1}.Release|Any CPU.Build.0 = Release|Any CPU
		{6F78A4B1-64B5-4631-A444-7EB05CE28816}.Debug|Any CPU.ActiveCfg = Debug|Any CPU
		{6F78A4B1-64B5-4631-A444-7EB05CE28816}.Debug|Any CPU.Build.0 = Debug|Any CPU
		{6F78A4B1-64B5-4631-A444-7EB05CE28816}.Release|Any CPU.ActiveCfg = Release|Any CPU
		{6F78A4B1-64B5-4631-A444-7EB05CE28816}.Release|Any CPU.Build.0 = Release|Any CPU
		{D7F48397-C438-4DFA-8287-29814F69D3C1}.Debug|Any CPU.ActiveCfg = Debug|Any CPU
		{D7F48397-C438-4DFA-8287-29814F69D3C1}.Debug|Any CPU.Build.0 = Debug|Any CPU
		{D7F48397-C438-4DFA-8287-29814F69D3C1}.Release|Any CPU.ActiveCfg = Release|Any CPU
		{D7F48397-C438-4DFA-8287-29814F69D3C1}.Release|Any CPU.Build.0 = Release|Any CPU
	EndGlobalSection
	GlobalSection(SolutionProperties) = preSolution
		HideSolutionNode = FALSE
	EndGlobalSection
	GlobalSection(ExtensibilityGlobals) = postSolution
		SolutionGuid = {B14D6552-631C-4929-82FE-229EDC72E700}
	EndGlobalSection
EndGlobal
