
Microsoft Visual Studio Solution File, Format Version 12.00
# Visual Studio Version 17
VisualStudioVersion = 17.4.33103.184
MinimumVisualStudioVersion = 10.0.40219.1
Project("{FAE04EC0-301F-11D3-BF4B-00C04F79EFBC}") = "wsb-restaurant-api", "wsb-restaurant-api\wsb-restaurant-api.csproj", "{6FC89ED7-6850-40BA-A082-287BDD0D76D0}"
EndProject
Project("{FAE04EC0-301F-11D3-BF4B-00C04F79EFBC}") = "wsb-restaurant-models", "wsb-restaurant-models\wsb-restaurant-models.csproj", "{F2B9B756-F5CF-44F4-94F0-68194EF18B68}"
EndProject
Global
	GlobalSection(SolutionConfigurationPlatforms) = preSolution
		Debug|Any CPU = Debug|Any CPU
		Release|Any CPU = Release|Any CPU
	EndGlobalSection
	GlobalSection(ProjectConfigurationPlatforms) = postSolution
		{6FC89ED7-6850-40BA-A082-287BDD0D76D0}.Debug|Any CPU.ActiveCfg = Debug|Any CPU
		{6FC89ED7-6850-40BA-A082-287BDD0D76D0}.Debug|Any CPU.Build.0 = Debug|Any CPU
		{6FC89ED7-6850-40BA-A082-287BDD0D76D0}.Release|Any CPU.ActiveCfg = Release|Any CPU
		{6FC89ED7-6850-40BA-A082-287BDD0D76D0}.Release|Any CPU.Build.0 = Release|Any CPU
		{F2B9B756-F5CF-44F4-94F0-68194EF18B68}.Debug|Any CPU.ActiveCfg = Debug|Any CPU
		{F2B9B756-F5CF-44F4-94F0-68194EF18B68}.Debug|Any CPU.Build.0 = Debug|Any CPU
		{F2B9B756-F5CF-44F4-94F0-68194EF18B68}.Release|Any CPU.ActiveCfg = Release|Any CPU
		{F2B9B756-F5CF-44F4-94F0-68194EF18B68}.Release|Any CPU.Build.0 = Release|Any CPU
	EndGlobalSection
	GlobalSection(SolutionProperties) = preSolution
		HideSolutionNode = FALSE
	EndGlobalSection
	GlobalSection(ExtensibilityGlobals) = postSolution
		SolutionGuid = {B14D6552-631C-4929-82FE-229EDC72E700}
	EndGlobalSection
EndGlobal
